// !$*UTF8*$!
{
	archiveVersion = 1;
	classes = {
	};
	objectVersion = 56;
	objects = {

/* Begin PBXBuildFile section */
		36EA50EC2AEA0BCD00E546C3 /* AppDelegate.swift in Sources */ = {isa = PBXBuildFile; fileRef = 36EA50EB2AEA0BCD00E546C3 /* AppDelegate.swift */; };
		36EA50EE2AEA0BCD00E546C3 /* SceneDelegate.swift in Sources */ = {isa = PBXBuildFile; fileRef = 36EA50ED2AEA0BCD00E546C3 /* SceneDelegate.swift */; };
		36EA50F02AEA0BCD00E546C3 /* ViewController.swift in Sources */ = {isa = PBXBuildFile; fileRef = 36EA50EF2AEA0BCD00E546C3 /* ViewController.swift */; };
		36EA50F32AEA0BCD00E546C3 /* Main.storyboard in Resources */ = {isa = PBXBuildFile; fileRef = 36EA50F12AEA0BCD00E546C3 /* Main.storyboard */; };
		36EA50F52AEA0BCE00E546C3 /* Assets.xcassets in Resources */ = {isa = PBXBuildFile; fileRef = 36EA50F42AEA0BCE00E546C3 /* Assets.xcassets */; };
		36EA50F82AEA0BCE00E546C3 /* LaunchScreen.storyboard in Resources */ = {isa = PBXBuildFile; fileRef = 36EA50F62AEA0BCE00E546C3 /* LaunchScreen.storyboard */; };
		36EA51032AEA0BCE00E546C3 /* scrollviewTests.swift in Sources */ = {isa = PBXBuildFile; fileRef = 36EA51022AEA0BCE00E546C3 /* scrollviewTests.swift */; };
		36EA510D2AEA0BCE00E546C3 /* scrollviewUITests.swift in Sources */ = {isa = PBXBuildFile; fileRef = 36EA510C2AEA0BCE00E546C3 /* scrollviewUITests.swift */; };
		36EA510F2AEA0BCE00E546C3 /* scrollviewUITestsLaunchTests.swift in Sources */ = {isa = PBXBuildFile; fileRef = 36EA510E2AEA0BCE00E546C3 /* scrollviewUITestsLaunchTests.swift */; };
/* End PBXBuildFile section */

/* Begin PBXContainerItemProxy section */
		36EA50FF2AEA0BCE00E546C3 /* PBXContainerItemProxy */ = {
			isa = PBXContainerItemProxy;
			containerPortal = 36EA50E02AEA0BCD00E546C3 /* Project object */;
			proxyType = 1;
			remoteGlobalIDString = 36EA50E72AEA0BCD00E546C3;
			remoteInfo = scrollview;
		};
		36EA51092AEA0BCE00E546C3 /* PBXContainerItemProxy */ = {
			isa = PBXContainerItemProxy;
			containerPortal = 36EA50E02AEA0BCD00E546C3 /* Project object */;
			proxyType = 1;
			remoteGlobalIDString = 36EA50E72AEA0BCD00E546C3;
			remoteInfo = scrollview;
		};
/* End PBXContainerItemProxy section */

/* Begin PBXFileReference section */
		36EA50E82AEA0BCD00E546C3 /* scrollview.app */ = {isa = PBXFileReference; explicitFileType = wrapper.application; includeInIndex = 0; path = scrollview.app; sourceTree = BUILT_PRODUCTS_DIR; };
		36EA50EB2AEA0BCD00E546C3 /* AppDelegate.swift */ = {isa = PBXFileReference; lastKnownFileType = sourcecode.swift; path = AppDelegate.swift; sourceTree = "<group>"; };
		36EA50ED2AEA0BCD00E546C3 /* SceneDelegate.swift */ = {isa = PBXFileReference; lastKnownFileType = sourcecode.swift; path = SceneDelegate.swift; sourceTree = "<group>"; };
		36EA50EF2AEA0BCD00E546C3 /* ViewController.swift */ = {isa = PBXFileReference; lastKnownFileType = sourcecode.swift; path = ViewController.swift; sourceTree = "<group>"; };
		36EA50F22AEA0BCD00E546C3 /* Base */ = {isa = PBXFileReference; lastKnownFileType = file.storyboard; name = Base; path = Base.lproj/Main.storyboard; sourceTree = "<group>"; };
		36EA50F42AEA0BCE00E546C3 /* Assets.xcassets */ = {isa = PBXFileReference; lastKnownFileType = folder.assetcatalog; path = Assets.xcassets; sourceTree = "<group>"; };
		36EA50F72AEA0BCE00E546C3 /* Base */ = {isa = PBXFileReference; lastKnownFileType = file.storyboard; name = Base; path = Base.lproj/LaunchScreen.storyboard; sourceTree = "<group>"; };
		36EA50F92AEA0BCE00E546C3 /* Info.plist */ = {isa = PBXFileReference; lastKnownFileType = text.plist.xml; path = Info.plist; sourceTree = "<group>"; };
		36EA50FE2AEA0BCE00E546C3 /* scrollviewTests.xctest */ = {isa = PBXFileReference; explicitFileType = wrapper.cfbundle; includeInIndex = 0; path = scrollviewTests.xctest; sourceTree = BUILT_PRODUCTS_DIR; };
		36EA51022AEA0BCE00E546C3 /* scrollviewTests.swift */ = {isa = PBXFileReference; lastKnownFileType = sourcecode.swift; path = scrollviewTests.swift; sourceTree = "<group>"; };
		36EA51082AEA0BCE00E546C3 /* scrollviewUITests.xctest */ = {isa = PBXFileReference; explicitFileType = wrapper.cfbundle; includeInIndex = 0; path = scrollviewUITests.xctest; sourceTree = BUILT_PRODUCTS_DIR; };
		36EA510C2AEA0BCE00E546C3 /* scrollviewUITests.swift */ = {isa = PBXFileReference; lastKnownFileType = sourcecode.swift; path = scrollviewUITests.swift; sourceTree = "<group>"; };
		36EA510E2AEA0BCE00E546C3 /* scrollviewUITestsLaunchTests.swift */ = {isa = PBXFileReference; lastKnownFileType = sourcecode.swift; path = scrollviewUITestsLaunchTests.swift; sourceTree = "<group>"; };
/* End PBXFileReference section */

/* Begin PBXFrameworksBuildPhase section */
		36EA50E52AEA0BCD00E546C3 /* Frameworks */ = {
			isa = PBXFrameworksBuildPhase;
			buildActionMask = 2147483647;
			files = (
			);
			runOnlyForDeploymentPostprocessing = 0;
		};
		36EA50FB2AEA0BCE00E546C3 /* Frameworks */ = {
			isa = PBXFrameworksBuildPhase;
			buildActionMask = 2147483647;
			files = (
			);
			runOnlyForDeploymentPostprocessing = 0;
		};
		36EA51052AEA0BCE00E546C3 /* Frameworks */ = {
			isa = PBXFrameworksBuildPhase;
			buildActionMask = 2147483647;
			files = (
			);
			runOnlyForDeploymentPostprocessing = 0;
		};
/* End PBXFrameworksBuildPhase section */

/* Begin PBXGroup section */
		36EA50DF2AEA0BCD00E546C3 = {
			isa = PBXGroup;
			children = (
				36EA50EA2AEA0BCD00E546C3 /* scrollview */,
				36EA51012AEA0BCE00E546C3 /* scrollviewTests */,
				36EA510B2AEA0BCE00E546C3 /* scrollviewUITests */,
				36EA50E92AEA0BCD00E546C3 /* Products */,
			);
			sourceTree = "<group>";
		};
		36EA50E92AEA0BCD00E546C3 /* Products */ = {
			isa = PBXGroup;
			children = (
				36EA50E82AEA0BCD00E546C3 /* scrollview.app */,
				36EA50FE2AEA0BCE00E546C3 /* scrollviewTests.xctest */,
				36EA51082AEA0BCE00E546C3 /* scrollviewUITests.xctest */,
			);
			name = Products;
			sourceTree = "<group>";
		};
		36EA50EA2AEA0BCD00E546C3 /* scrollview */ = {
			isa = PBXGroup;
			children = (
				36EA50EB2AEA0BCD00E546C3 /* AppDelegate.swift */,
				36EA50ED2AEA0BCD00E546C3 /* SceneDelegate.swift */,
				36EA50EF2AEA0BCD00E546C3 /* ViewController.swift */,
				36EA50F12AEA0BCD00E546C3 /* Main.storyboard */,
				36EA50F42AEA0BCE00E546C3 /* Assets.xcassets */,
				36EA50F62AEA0BCE00E546C3 /* LaunchScreen.storyboard */,
				36EA50F92AEA0BCE00E546C3 /* Info.plist */,
			);
			path = scrollview;
			sourceTree = "<group>";
		};
		36EA51012AEA0BCE00E546C3 /* scrollviewTests */ = {
			isa = PBXGroup;
			children = (
				36EA51022AEA0BCE00E546C3 /* scrollviewTests.swift */,
			);
			path = scrollviewTests;
			sourceTree = "<group>";
		};
		36EA510B2AEA0BCE00E546C3 /* scrollviewUITests */ = {
			isa = PBXGroup;
			children = (
				36EA510C2AEA0BCE00E546C3 /* scrollviewUITests.swift */,
				36EA510E2AEA0BCE00E546C3 /* scrollviewUITestsLaunchTests.swift */,
			);
			path = scrollviewUITests;
			sourceTree = "<group>";
		};
/* End PBXGroup section */

/* Begin PBXNativeTarget section */
		36EA50E72AEA0BCD00E546C3 /* scrollview */ = {
			isa = PBXNativeTarget;
			buildConfigurationList = 36EA51122AEA0BCE00E546C3 /* Build configuration list for PBXNativeTarget "scrollview" */;
			buildPhases = (
				36EA50E42AEA0BCD00E546C3 /* Sources */,
				36EA50E52AEA0BCD00E546C3 /* Frameworks */,
				36EA50E62AEA0BCD00E546C3 /* Resources */,
			);
			buildRules = (
			);
			dependencies = (
			);
			name = scrollview;
			productName = scrollview;
			productReference = 36EA50E82AEA0BCD00E546C3 /* scrollview.app */;
			productType = "com.apple.product-type.application";
		};
		36EA50FD2AEA0BCE00E546C3 /* scrollviewTests */ = {
			isa = PBXNativeTarget;
			buildConfigurationList = 36EA51152AEA0BCE00E546C3 /* Build configuration list for PBXNativeTarget "scrollviewTests" */;
			buildPhases = (
				36EA50FA2AEA0BCE00E546C3 /* Sources */,
				36EA50FB2AEA0BCE00E546C3 /* Frameworks */,
				36EA50FC2AEA0BCE00E546C3 /* Resources */,
			);
			buildRules = (
			);
			dependencies = (
				36EA51002AEA0BCE00E546C3 /* PBXTargetDependency */,
			);
			name = scrollviewTests;
			productName = scrollviewTests;
			productReference = 36EA50FE2AEA0BCE00E546C3 /* scrollviewTests.xctest */;
			productType = "com.apple.product-type.bundle.unit-test";
		};
		36EA51072AEA0BCE00E546C3 /* scrollviewUITests */ = {
			isa = PBXNativeTarget;
			buildConfigurationList = 36EA51182AEA0BCE00E546C3 /* Build configuration list for PBXNativeTarget "scrollviewUITests" */;
			buildPhases = (
				36EA51042AEA0BCE00E546C3 /* Sources */,
				36EA51052AEA0BCE00E546C3 /* Frameworks */,
				36EA51062AEA0BCE00E546C3 /* Resources */,
			);
			buildRules = (
			);
			dependencies = (
				36EA510A2AEA0BCE00E546C3 /* PBXTargetDependency */,
			);
			name = scrollviewUITests;
			productName = scrollviewUITests;
			productReference = 36EA51082AEA0BCE00E546C3 /* scrollviewUITests.xctest */;
			productType = "com.apple.product-type.bundle.ui-testing";
		};
/* End PBXNativeTarget section */

/* Begin PBXProject section */
		36EA50E02AEA0BCD00E546C3 /* Project object */ = {
			isa = PBXProject;
			attributes = {
				BuildIndependentTargetsInParallel = 1;
				LastSwiftUpdateCheck = 1420;
				LastUpgradeCheck = 1420;
				TargetAttributes = {
					36EA50E72AEA0BCD00E546C3 = {
						CreatedOnToolsVersion = 14.2;
					};
					36EA50FD2AEA0BCE00E546C3 = {
						CreatedOnToolsVersion = 14.2;
						TestTargetID = 36EA50E72AEA0BCD00E546C3;
					};
					36EA51072AEA0BCE00E546C3 = {
						CreatedOnToolsVersion = 14.2;
						TestTargetID = 36EA50E72AEA0BCD00E546C3;
					};
				};
			};
			buildConfigurationList = 36EA50E32AEA0BCD00E546C3 /* Build configuration list for PBXProject "scrollview" */;
			compatibilityVersion = "Xcode 14.0";
			developmentRegion = en;
			hasScannedForEncodings = 0;
			knownRegions = (
				en,
				Base,
			);
			mainGroup = 36EA50DF2AEA0BCD00E546C3;
			productRefGroup = 36EA50E92AEA0BCD00E546C3 /* Products */;
			projectDirPath = "";
			projectRoot = "";
			targets = (
				36EA50E72AEA0BCD00E546C3 /* scrollview */,
				36EA50FD2AEA0BCE00E546C3 /* scrollviewTests */,
				36EA51072AEA0BCE00E546C3 /* scrollviewUITests */,
			);
		};
/* End PBXProject section */

/* Begin PBXResourcesBuildPhase section */
		36EA50E62AEA0BCD00E546C3 /* Resources */ = {
			isa = PBXResourcesBuildPhase;
			buildActionMask = 2147483647;
			files = (
				36EA50F82AEA0BCE00E546C3 /* LaunchScreen.storyboard in Resources */,
				36EA50F52AEA0BCE00E546C3 /* Assets.xcassets in Resources */,
				36EA50F32AEA0BCD00E546C3 /* Main.storyboard in Resources */,
			);
			runOnlyForDeploymentPostprocessing = 0;
		};
		36EA50FC2AEA0BCE00E546C3 /* Resources */ = {
			isa = PBXResourcesBuildPhase;
			buildActionMask = 2147483647;
			files = (
			);
			runOnlyForDeploymentPostprocessing = 0;
		};
		36EA51062AEA0BCE00E546C3 /* Resources */ = {
			isa = PBXResourcesBuildPhase;
			buildActionMask = 2147483647;
			files = (
			);
			runOnlyForDeploymentPostprocessing = 0;
		};
/* End PBXResourcesBuildPhase section */

/* Begin PBXSourcesBuildPhase section */
		36EA50E42AEA0BCD00E546C3 /* Sources */ = {
			isa = PBXSourcesBuildPhase;
			buildActionMask = 2147483647;
			files = (
				36EA50F02AEA0BCD00E546C3 /* ViewController.swift in Sources */,
				36EA50EC2AEA0BCD00E546C3 /* AppDelegate.swift in Sources */,
				36EA50EE2AEA0BCD00E546C3 /* SceneDelegate.swift in Sources */,
			);
			runOnlyForDeploymentPostprocessing = 0;
		};
		36EA50FA2AEA0BCE00E546C3 /* Sources */ = {
			isa = PBXSourcesBuildPhase;
			buildActionMask = 2147483647;
			files = (
				36EA51032AEA0BCE00E546C3 /* scrollviewTests.swift in Sources */,
			);
			runOnlyForDeploymentPostprocessing = 0;
		};
		36EA51042AEA0BCE00E546C3 /* Sources */ = {
			isa = PBXSourcesBuildPhase;
			buildActionMask = 2147483647;
			files = (
				36EA510F2AEA0BCE00E546C3 /* scrollviewUITestsLaunchTests.swift in Sources */,
				36EA510D2AEA0BCE00E546C3 /* scrollviewUITests.swift in Sources */,
			);
			runOnlyForDeploymentPostprocessing = 0;
		};
/* End PBXSourcesBuildPhase section */

/* Begin PBXTargetDependency section */
		36EA51002AEA0BCE00E546C3 /* PBXTargetDependency */ = {
			isa = PBXTargetDependency;
			target = 36EA50E72AEA0BCD00E546C3 /* scrollview */;
			targetProxy = 36EA50FF2AEA0BCE00E546C3 /* PBXContainerItemProxy */;
		};
		36EA510A2AEA0BCE00E546C3 /* PBXTargetDependency */ = {
			isa = PBXTargetDependency;
			target = 36EA50E72AEA0BCD00E546C3 /* scrollview */;
			targetProxy = 36EA51092AEA0BCE00E546C3 /* PBXContainerItemProxy */;
		};
/* End PBXTargetDependency section */

/* Begin PBXVariantGroup section */
		36EA50F12AEA0BCD00E546C3 /* Main.storyboard */ = {
			isa = PBXVariantGroup;
			children = (
				36EA50F22AEA0BCD00E546C3 /* Base */,
			);
			name = Main.storyboard;
			sourceTree = "<group>";
		};
		36EA50F62AEA0BCE00E546C3 /* LaunchScreen.storyboard */ = {
			isa = PBXVariantGroup;
			children = (
				36EA50F72AEA0BCE00E546C3 /* Base */,
			);
			name = LaunchScreen.storyboard;
			sourceTree = "<group>";
		};
/* End PBXVariantGroup section */

/* Begin XCBuildConfiguration section */
		36EA51102AEA0BCE00E546C3 /* Debug */ = {
			isa = XCBuildConfiguration;
			buildSettings = {
				ALWAYS_SEARCH_USER_PATHS = NO;
				CLANG_ANALYZER_NONNULL = YES;
				CLANG_ANALYZER_NUMBER_OBJECT_CONVERSION = YES_AGGRESSIVE;
				CLANG_CXX_LANGUAGE_STANDARD = "gnu++20";
				CLANG_ENABLE_MODULES = YES;
				CLANG_ENABLE_OBJC_ARC = YES;
				CLANG_ENABLE_OBJC_WEAK = YES;
				CLANG_WARN_BLOCK_CAPTURE_AUTORELEASING = YES;
				CLANG_WARN_BOOL_CONVERSION = YES;
				CLANG_WARN_COMMA = YES;
				CLANG_WARN_CONSTANT_CONVERSION = YES;
				CLANG_WARN_DEPRECATED_OBJC_IMPLEMENTATIONS = YES;
				CLANG_WARN_DIRECT_OBJC_ISA_USAGE = YES_ERROR;
				CLANG_WARN_DOCUMENTATION_COMMENTS = YES;
				CLANG_WARN_EMPTY_BODY = YES;
				CLANG_WARN_ENUM_CONVERSION = YES;
				CLANG_WARN_INFINITE_RECURSION = YES;
				CLANG_WARN_INT_CONVERSION = YES;
				CLANG_WARN_NON_LITERAL_NULL_CONVERSION = YES;
				CLANG_WARN_OBJC_IMPLICIT_RETAIN_SELF = YES;
				CLANG_WARN_OBJC_LITERAL_CONVERSION = YES;
				CLANG_WARN_OBJC_ROOT_CLASS = YES_ERROR;
				CLANG_WARN_QUOTED_INCLUDE_IN_FRAMEWORK_HEADER = YES;
				CLANG_WARN_RANGE_LOOP_ANALYSIS = YES;
				CLANG_WARN_STRICT_PROTOTYPES = YES;
				CLANG_WARN_SUSPICIOUS_MOVE = YES;
				CLANG_WARN_UNGUARDED_AVAILABILITY = YES_AGGRESSIVE;
				CLANG_WARN_UNREACHABLE_CODE = YES;
				CLANG_WARN__DUPLICATE_METHOD_MATCH = YES;
				COPY_PHASE_STRIP = NO;
				DEBUG_INFORMATION_FORMAT = dwarf;
				ENABLE_STRICT_OBJC_MSGSEND = YES;
				ENABLE_TESTABILITY = YES;
				GCC_C_LANGUAGE_STANDARD = gnu11;
				GCC_DYNAMIC_NO_PIC = NO;
				GCC_NO_COMMON_BLOCKS = YES;
				GCC_OPTIMIZATION_LEVEL = 0;
				GCC_PREPROCESSOR_DEFINITIONS = (
					"DEBUG=1",
					"$(inherited)",
				);
				GCC_WARN_64_TO_32_BIT_CONVERSION = YES;
				GCC_WARN_ABOUT_RETURN_TYPE = YES_ERROR;
				GCC_WARN_UNDECLARED_SELECTOR = YES;
				GCC_WARN_UNINITIALIZED_AUTOS = YES_AGGRESSIVE;
				GCC_WARN_UNUSED_FUNCTION = YES;
				GCC_WARN_UNUSED_VARIABLE = YES;
				IPHONEOS_DEPLOYMENT_TARGET = 16.2;
				MTL_ENABLE_DEBUG_INFO = INCLUDE_SOURCE;
				MTL_FAST_MATH = YES;
				ONLY_ACTIVE_ARCH = YES;
				SDKROOT = iphoneos;
				SWIFT_ACTIVE_COMPILATION_CONDITIONS = DEBUG;
				SWIFT_OPTIMIZATION_LEVEL = "-Onone";
			};
			name = Debug;
		};
		36EA51112AEA0BCE00E546C3 /* Release */ = {
			isa = XCBuildConfiguration;
			buildSettings = {
				ALWAYS_SEARCH_USER_PATHS = NO;
				CLANG_ANALYZER_NONNULL = YES;
				CLANG_ANALYZER_NUMBER_OBJECT_CONVERSION = YES_AGGRESSIVE;
				CLANG_CXX_LANGUAGE_STANDARD = "gnu++20";
				CLANG_ENABLE_MODULES = YES;
				CLANG_ENABLE_OBJC_ARC = YES;
				CLANG_ENABLE_OBJC_WEAK = YES;
				CLANG_WARN_BLOCK_CAPTURE_AUTORELEASING = YES;
				CLANG_WARN_BOOL_CONVERSION = YES;
				CLANG_WARN_COMMA = YES;
				CLANG_WARN_CONSTANT_CONVERSION = YES;
				CLANG_WARN_DEPRECATED_OBJC_IMPLEMENTATIONS = YES;
				CLANG_WARN_DIRECT_OBJC_ISA_USAGE = YES_ERROR;
				CLANG_WARN_DOCUMENTATION_COMMENTS = YES;
				CLANG_WARN_EMPTY_BODY = YES;
				CLANG_WARN_ENUM_CONVERSION = YES;
				CLANG_WARN_INFINITE_RECURSION = YES;
				CLANG_WARN_INT_CONVERSION = YES;
				CLANG_WARN_NON_LITERAL_NULL_CONVERSION = YES;
				CLANG_WARN_OBJC_IMPLICIT_RETAIN_SELF = YES;
				CLANG_WARN_OBJC_LITERAL_CONVERSION = YES;
				CLANG_WARN_OBJC_ROOT_CLASS = YES_ERROR;
				CLANG_WARN_QUOTED_INCLUDE_IN_FRAMEWORK_HEADER = YES;
				CLANG_WARN_RANGE_LOOP_ANALYSIS = YES;
				CLANG_WARN_STRICT_PROTOTYPES = YES;
				CLANG_WARN_SUSPICIOUS_MOVE = YES;
				CLANG_WARN_UNGUARDED_AVAILABILITY = YES_AGGRESSIVE;
				CLANG_WARN_UNREACHABLE_CODE = YES;
				CLANG_WARN__DUPLICATE_METHOD_MATCH = YES;
				COPY_PHASE_STRIP = NO;
				DEBUG_INFORMATION_FORMAT = "dwarf-with-dsym";
				ENABLE_NS_ASSERTIONS = NO;
				ENABLE_STRICT_OBJC_MSGSEND = YES;
				GCC_C_LANGUAGE_STANDARD = gnu11;
				GCC_NO_COMMON_BLOCKS = YES;
				GCC_WARN_64_TO_32_BIT_CONVERSION = YES;
				GCC_WARN_ABOUT_RETURN_TYPE = YES_ERROR;
				GCC_WARN_UNDECLARED_SELECTOR = YES;
				GCC_WARN_UNINITIALIZED_AUTOS = YES_AGGRESSIVE;
				GCC_WARN_UNUSED_FUNCTION = YES;
				GCC_WARN_UNUSED_VARIABLE = YES;
				IPHONEOS_DEPLOYMENT_TARGET = 16.2;
				MTL_ENABLE_DEBUG_INFO = NO;
				MTL_FAST_MATH = YES;
				SDKROOT = iphoneos;
				SWIFT_COMPILATION_MODE = wholemodule;
				SWIFT_OPTIMIZATION_LEVEL = "-O";
				VALIDATE_PRODUCT = YES;
			};
			name = Release;
		};
		36EA51132AEA0BCE00E546C3 /* Debug */ = {
			isa = XCBuildConfiguration;
			buildSettings = {
				ASSETCATALOG_COMPILER_APPICON_NAME = AppIcon;
				ASSETCATALOG_COMPILER_GLOBAL_ACCENT_COLOR_NAME = AccentColor;
				CODE_SIGN_STYLE = Automatic;
				CURRENT_PROJECT_VERSION = 1;
				GENERATE_INFOPLIST_FILE = YES;
				INFOPLIST_FILE = scrollview/Info.plist;
				INFOPLIST_KEY_UIApplicationSupportsIndirectInputEvents = YES;
				INFOPLIST_KEY_UILaunchStoryboardName = LaunchScreen;
				INFOPLIST_KEY_UIMainStoryboardFile = Main;
				INFOPLIST_KEY_UISupportedInterfaceOrientations_iPad = "UIInterfaceOrientationPortrait UIInterfaceOrientationPortraitUpsideDown UIInterfaceOrientationLandscapeLeft UIInterfaceOrientationLandscapeRight";
				INFOPLIST_KEY_UISupportedInterfaceOrientations_iPhone = "UIInterfaceOrientationPortrait UIInterfaceOrientationLandscapeLeft UIInterfaceOrientationLandscapeRight";
				LD_RUNPATH_SEARCH_PATHS = (
					"$(inherited)",
					"@executable_path/Frameworks",
				);
				MARKETING_VERSION = 1.0;
				PRODUCT_BUNDLE_IDENTIFIER = phinconbootcamp.scrollview;
				PRODUCT_NAME = "$(TARGET_NAME)";
				SWIFT_EMIT_LOC_STRINGS = YES;
				SWIFT_VERSION = 5.0;
				TARGETED_DEVICE_FAMILY = "1,2";
			};
			name = Debug;
		};
		36EA51142AEA0BCE00E546C3 /* Release */ = {
			isa = XCBuildConfiguration;
			buildSettings = {
				ASSETCATALOG_COMPILER_APPICON_NAME = AppIcon;
				ASSETCATALOG_COMPILER_GLOBAL_ACCENT_COLOR_NAME = AccentColor;
				CODE_SIGN_STYLE = Automatic;
				CURRENT_PROJECT_VERSION = 1;
				GENERATE_INFOPLIST_FILE = YES;
				INFOPLIST_FILE = scrollview/Info.plist;
				INFOPLIST_KEY_UIApplicationSupportsIndirectInputEvents = YES;
				INFOPLIST_KEY_UILaunchStoryboardName = LaunchScreen;
				INFOPLIST_KEY_UIMainStoryboardFile = Main;
				INFOPLIST_KEY_UISupportedInterfaceOrientations_iPad = "UIInterfaceOrientationPortrait UIInterfaceOrientationPortraitUpsideDown UIInterfaceOrientationLandscapeLeft UIInterfaceOrientationLandscapeRight";
				INFOPLIST_KEY_UISupportedInterfaceOrientations_iPhone = "UIInterfaceOrientationPortrait UIInterfaceOrientationLandscapeLeft UIInterfaceOrientationLandscapeRight";
				LD_RUNPATH_SEARCH_PATHS = (
					"$(inherited)",
					"@executable_path/Frameworks",
				);
				MARKETING_VERSION = 1.0;
				PRODUCT_BUNDLE_IDENTIFIER = phinconbootcamp.scrollview;
				PRODUCT_NAME = "$(TARGET_NAME)";
				SWIFT_EMIT_LOC_STRINGS = YES;
				SWIFT_VERSION = 5.0;
				TARGETED_DEVICE_FAMILY = "1,2";
			};
			name = Release;
		};
		36EA51162AEA0BCE00E546C3 /* Debug */ = {
			isa = XCBuildConfiguration;
			buildSettings = {
				ALWAYS_EMBED_SWIFT_STANDARD_LIBRARIES = YES;
				BUNDLE_LOADER = "$(TEST_HOST)";
				CODE_SIGN_STYLE = Automatic;
				CURRENT_PROJECT_VERSION = 1;
				GENERATE_INFOPLIST_FILE = YES;
				IPHONEOS_DEPLOYMENT_TARGET = 16.2;
				MARKETING_VERSION = 1.0;
				PRODUCT_BUNDLE_IDENTIFIER = phinconbootcamp.scrollviewTests;
				PRODUCT_NAME = "$(TARGET_NAME)";
				SWIFT_EMIT_LOC_STRINGS = NO;
				SWIFT_VERSION = 5.0;
				TARGETED_DEVICE_FAMILY = "1,2";
				TEST_HOST = "$(BUILT_PRODUCTS_DIR)/scrollview.app/$(BUNDLE_EXECUTABLE_FOLDER_PATH)/scrollview";
			};
			name = Debug;
		};
		36EA51172AEA0BCE00E546C3 /* Release */ = {
			isa = XCBuildConfiguration;
			buildSettings = {
				ALWAYS_EMBED_SWIFT_STANDARD_LIBRARIES = YES;
				BUNDLE_LOADER = "$(TEST_HOST)";
				CODE_SIGN_STYLE = Automatic;
				CURRENT_PROJECT_VERSION = 1;
				GENERATE_INFOPLIST_FILE = YES;
				IPHONEOS_DEPLOYMENT_TARGET = 16.2;
				MARKETING_VERSION = 1.0;
				PRODUCT_BUNDLE_IDENTIFIER = phinconbootcamp.scrollviewTests;
				PRODUCT_NAME = "$(TARGET_NAME)";
				SWIFT_EMIT_LOC_STRINGS = NO;
				SWIFT_VERSION = 5.0;
				TARGETED_DEVICE_FAMILY = "1,2";
				TEST_HOST = "$(BUILT_PRODUCTS_DIR)/scrollview.app/$(BUNDLE_EXECUTABLE_FOLDER_PATH)/scrollview";
			};
			name = Release;
		};
		36EA51192AEA0BCE00E546C3 /* Debug */ = {
			isa = XCBuildConfiguration;
			buildSettings = {
				ALWAYS_EMBED_SWIFT_STANDARD_LIBRARIES = YES;
				CODE_SIGN_STYLE = Automatic;
				CURRENT_PROJECT_VERSION = 1;
				GENERATE_INFOPLIST_FILE = YES;
				MARKETING_VERSION = 1.0;
				PRODUCT_BUNDLE_IDENTIFIER = phinconbootcamp.scrollviewUITests;
				PRODUCT_NAME = "$(TARGET_NAME)";
				SWIFT_EMIT_LOC_STRINGS = NO;
				SWIFT_VERSION = 5.0;
				TARGETED_DEVICE_FAMILY = "1,2";
				TEST_TARGET_NAME = scrollview;
			};
			name = Debug;
		};
		36EA511A2AEA0BCE00E546C3 /* Release */ = {
			isa = XCBuildConfiguration;
			buildSettings = {
				ALWAYS_EMBED_SWIFT_STANDARD_LIBRARIES = YES;
				CODE_SIGN_STYLE = Automatic;
				CURRENT_PROJECT_VERSION = 1;
				GENERATE_INFOPLIST_FILE = YES;
				MARKETING_VERSION = 1.0;
				PRODUCT_BUNDLE_IDENTIFIER = phinconbootcamp.scrollviewUITests;
				PRODUCT_NAME = "$(TARGET_NAME)";
				SWIFT_EMIT_LOC_STRINGS = NO;
				SWIFT_VERSION = 5.0;
				TARGETED_DEVICE_FAMILY = "1,2";
				TEST_TARGET_NAME = scrollview;
			};
			name = Release;
		};
/* End XCBuildConfiguration section */

/* Begin XCConfigurationList section */
		36EA50E32AEA0BCD00E546C3 /* Build configuration list for PBXProject "scrollview" */ = {
			isa = XCConfigurationList;
			buildConfigurations = (
				36EA51102AEA0BCE00E546C3 /* Debug */,
				36EA51112AEA0BCE00E546C3 /* Release */,
			);
			defaultConfigurationIsVisible = 0;
			defaultConfigurationName = Release;
		};
		36EA51122AEA0BCE00E546C3 /* Build configuration list for PBXNativeTarget "scrollview" */ = {
			isa = XCConfigurationList;
			buildConfigurations = (
				36EA51132AEA0BCE00E546C3 /* Debug */,
				36EA51142AEA0BCE00E546C3 /* Release */,
			);
			defaultConfigurationIsVisible = 0;
			defaultConfigurationName = Release;
		};
		36EA51152AEA0BCE00E546C3 /* Build configuration list for PBXNativeTarget "scrollviewTests" */ = {
			isa = XCConfigurationList;
			buildConfigurations = (
				36EA51162AEA0BCE00E546C3 /* Debug */,
				36EA51172AEA0BCE00E546C3 /* Release */,
			);
			defaultConfigurationIsVisible = 0;
			defaultConfigurationName = Release;
		};
		36EA51182AEA0BCE00E546C3 /* Build configuration list for PBXNativeTarget "scrollviewUITests" */ = {
			isa = XCConfigurationList;
			buildConfigurations = (
				36EA51192AEA0BCE00E546C3 /* Debug */,
				36EA511A2AEA0BCE00E546C3 /* Release */,
			);
			defaultConfigurationIsVisible = 0;
			defaultConfigurationName = Release;
		};
/* End XCConfigurationList section */
	};
	rootObject = 36EA50E02AEA0BCD00E546C3 /* Project object */;
}
