{
  "pins" : [
    {
      "identity" : "stepslider",
      "kind" : "remoteSourceControl",
      "location" : "https://github.com/spromicky/StepSlider",
      "state" : {
        "revision" : "bb490b81515cb0dc87465938a36c43dcba11a274",
        "version" : "1.8.0"
      }
    }
  ],
  "version" : 2
}
